// !$*UTF8*$!
{
	archiveVersion = 1;
	classes = {
	};
	objectVersion = 50;
	objects = {

/* Begin PBXBuildFile section */
		034917CF2533A2DC003FFCA3 /* SearchResultViewController.swift in Sources */ = {isa = PBXBuildFile; fileRef = 034917CE2533A2DC003FFCA3 /* SearchResultViewController.swift */; };
		034917D42533AECF003FFCA3 /* VideosTableViewController.swift in Sources */ = {isa = PBXBuildFile; fileRef = 034917D32533AECF003FFCA3 /* VideosTableViewController.swift */; };
		034917F9253472FE003FFCA3 /* TEDVideo+CoreDataProperties.swift in Sources */ = {isa = PBXBuildFile; fileRef = 034917F8253472FE003FFCA3 /* TEDVideo+CoreDataProperties.swift */; };
		0358AA8024F7A66A002E7EEB /* TEDVideoTableViewCell.swift in Sources */ = {isa = PBXBuildFile; fileRef = 0358AA7E24F7A66A002E7EEB /* TEDVideoTableViewCell.swift */; };
		0358AA8124F7A66A002E7EEB /* TEDVideoTableViewCell.xib in Resources */ = {isa = PBXBuildFile; fileRef = 0358AA7F24F7A66A002E7EEB /* TEDVideoTableViewCell.xib */; };
		0360DA422514E6EB0084124A /* DescriptionViewController.swift in Sources */ = {isa = PBXBuildFile; fileRef = 0360DA412514E6EB0084124A /* DescriptionViewController.swift */; };
		0360DA49251D52A80084124A /* TEDVideo+CoreDataClass.swift in Sources */ = {isa = PBXBuildFile; fileRef = 0360DA47251D52A80084124A /* TEDVideo+CoreDataClass.swift */; };
		0360DA4C252134E50084124A /* VideoManager.swift in Sources */ = {isa = PBXBuildFile; fileRef = 0360DA4B252134E40084124A /* VideoManager.swift */; };
		03B559BB24EE9760007AF5C5 /* AppDelegate.swift in Sources */ = {isa = PBXBuildFile; fileRef = 03B559BA24EE9760007AF5C5 /* AppDelegate.swift */; };
		03B559BF24EE9760007AF5C5 /* MainViewController.swift in Sources */ = {isa = PBXBuildFile; fileRef = 03B559BE24EE9760007AF5C5 /* MainViewController.swift */; };
		03B559C524EE9760007AF5C5 /* TEDBrowser.xcdatamodeld in Sources */ = {isa = PBXBuildFile; fileRef = 03B559C324EE9760007AF5C5 /* TEDBrowser.xcdatamodeld */; };
		03B559C724EE9767007AF5C5 /* Assets.xcassets in Resources */ = {isa = PBXBuildFile; fileRef = 03B559C624EE9767007AF5C5 /* Assets.xcassets */; };
		03B559CA24EE9767007AF5C5 /* LaunchScreen.storyboard in Resources */ = {isa = PBXBuildFile; fileRef = 03B559C824EE9767007AF5C5 /* LaunchScreen.storyboard */; };
		03B559D524EE9767007AF5C5 /* TEDBrowserTests.swift in Sources */ = {isa = PBXBuildFile; fileRef = 03B559D424EE9767007AF5C5 /* TEDBrowserTests.swift */; };
		03B559E024EE9767007AF5C5 /* TEDBrowserUITests.swift in Sources */ = {isa = PBXBuildFile; fileRef = 03B559DF24EE9767007AF5C5 /* TEDBrowserUITests.swift */; };
		03F5480C24FF9BCD003291E0 /* XMLParser.swift in Sources */ = {isa = PBXBuildFile; fileRef = 03F5480B24FF9BCD003291E0 /* XMLParser.swift */; };
/* End PBXBuildFile section */

/* Begin PBXContainerItemProxy section */
		03B559D124EE9767007AF5C5 /* PBXContainerItemProxy */ = {
			isa = PBXContainerItemProxy;
			containerPortal = 03B559AF24EE9760007AF5C5 /* Project object */;
			proxyType = 1;
			remoteGlobalIDString = 03B559B624EE9760007AF5C5;
			remoteInfo = TEDBrowser;
		};
		03B559DC24EE9767007AF5C5 /* PBXContainerItemProxy */ = {
			isa = PBXContainerItemProxy;
			containerPortal = 03B559AF24EE9760007AF5C5 /* Project object */;
			proxyType = 1;
			remoteGlobalIDString = 03B559B624EE9760007AF5C5;
			remoteInfo = TEDBrowser;
		};
/* End PBXContainerItemProxy section */

/* Begin PBXFileReference section */
		034917CE2533A2DC003FFCA3 /* SearchResultViewController.swift */ = {isa = PBXFileReference; lastKnownFileType = sourcecode.swift; path = SearchResultViewController.swift; sourceTree = "<group>"; };
		034917D32533AECF003FFCA3 /* VideosTableViewController.swift */ = {isa = PBXFileReference; lastKnownFileType = sourcecode.swift; path = VideosTableViewController.swift; sourceTree = "<group>"; };
		034917F8253472FE003FFCA3 /* TEDVideo+CoreDataProperties.swift */ = {isa = PBXFileReference; lastKnownFileType = sourcecode.swift; path = "TEDVideo+CoreDataProperties.swift"; sourceTree = "<group>"; };
		0358AA7E24F7A66A002E7EEB /* TEDVideoTableViewCell.swift */ = {isa = PBXFileReference; lastKnownFileType = sourcecode.swift; name = TEDVideoTableViewCell.swift; path = TEDBrowser/Views/TEDVideoTableViewCell.swift; sourceTree = SOURCE_ROOT; };
		0358AA7F24F7A66A002E7EEB /* TEDVideoTableViewCell.xib */ = {isa = PBXFileReference; lastKnownFileType = file.xib; path = TEDVideoTableViewCell.xib; sourceTree = "<group>"; };
		0360DA412514E6EB0084124A /* DescriptionViewController.swift */ = {isa = PBXFileReference; lastKnownFileType = sourcecode.swift; path = DescriptionViewController.swift; sourceTree = "<group>"; };
		0360DA47251D52A80084124A /* TEDVideo+CoreDataClass.swift */ = {isa = PBXFileReference; lastKnownFileType = sourcecode.swift; name = "TEDVideo+CoreDataClass.swift"; path = "TEDBrowser/Models/TEDVideo+CoreDataClass.swift"; sourceTree = SOURCE_ROOT; };
		0360DA4B252134E40084124A /* VideoManager.swift */ = {isa = PBXFileReference; lastKnownFileType = sourcecode.swift; path = VideoManager.swift; sourceTree = "<group>"; };
		03B559B724EE9760007AF5C5 /* TEDBrowser.app */ = {isa = PBXFileReference; explicitFileType = wrapper.application; includeInIndex = 0; path = TEDBrowser.app; sourceTree = BUILT_PRODUCTS_DIR; };
		03B559BA24EE9760007AF5C5 /* AppDelegate.swift */ = {isa = PBXFileReference; lastKnownFileType = sourcecode.swift; name = AppDelegate.swift; path = TEDBrowser/AppDelegate.swift; sourceTree = SOURCE_ROOT; };
		03B559BE24EE9760007AF5C5 /* MainViewController.swift */ = {isa = PBXFileReference; lastKnownFileType = sourcecode.swift; name = MainViewController.swift; path = TEDBrowser/Controllers/MainViewController.swift; sourceTree = SOURCE_ROOT; };
		03B559C424EE9760007AF5C5 /* TEDBrowser.xcdatamodel */ = {isa = PBXFileReference; lastKnownFileType = wrapper.xcdatamodel; path = TEDBrowser.xcdatamodel; sourceTree = "<group>"; };
		03B559C624EE9767007AF5C5 /* Assets.xcassets */ = {isa = PBXFileReference; lastKnownFileType = folder.assetcatalog; path = Assets.xcassets; sourceTree = "<group>"; };
		03B559C924EE9767007AF5C5 /* Base */ = {isa = PBXFileReference; lastKnownFileType = file.storyboard; name = Base; path = Base.lproj/LaunchScreen.storyboard; sourceTree = "<group>"; };
		03B559CB24EE9767007AF5C5 /* Info.plist */ = {isa = PBXFileReference; lastKnownFileType = text.plist.xml; path = Info.plist; sourceTree = "<group>"; };
		03B559D024EE9767007AF5C5 /* TEDBrowserTests.xctest */ = {isa = PBXFileReference; explicitFileType = wrapper.cfbundle; includeInIndex = 0; path = TEDBrowserTests.xctest; sourceTree = BUILT_PRODUCTS_DIR; };
		03B559D424EE9767007AF5C5 /* TEDBrowserTests.swift */ = {isa = PBXFileReference; lastKnownFileType = sourcecode.swift; path = TEDBrowserTests.swift; sourceTree = "<group>"; };
		03B559D624EE9767007AF5C5 /* Info.plist */ = {isa = PBXFileReference; lastKnownFileType = text.plist.xml; path = Info.plist; sourceTree = "<group>"; };
		03B559DB24EE9767007AF5C5 /* TEDBrowserUITests.xctest */ = {isa = PBXFileReference; explicitFileType = wrapper.cfbundle; includeInIndex = 0; path = TEDBrowserUITests.xctest; sourceTree = BUILT_PRODUCTS_DIR; };
		03B559DF24EE9767007AF5C5 /* TEDBrowserUITests.swift */ = {isa = PBXFileReference; lastKnownFileType = sourcecode.swift; path = TEDBrowserUITests.swift; sourceTree = "<group>"; };
		03B559E124EE9767007AF5C5 /* Info.plist */ = {isa = PBXFileReference; lastKnownFileType = text.plist.xml; path = Info.plist; sourceTree = "<group>"; };
		03F5480B24FF9BCD003291E0 /* XMLParser.swift */ = {isa = PBXFileReference; lastKnownFileType = sourcecode.swift; path = XMLParser.swift; sourceTree = "<group>"; };
/* End PBXFileReference section */

/* Begin PBXFrameworksBuildPhase section */
		03B559B424EE9760007AF5C5 /* Frameworks */ = {
			isa = PBXFrameworksBuildPhase;
			buildActionMask = 2147483647;
			files = (
			);
			runOnlyForDeploymentPostprocessing = 0;
		};
		03B559CD24EE9767007AF5C5 /* Frameworks */ = {
			isa = PBXFrameworksBuildPhase;
			buildActionMask = 2147483647;
			files = (
			);
			runOnlyForDeploymentPostprocessing = 0;
		};
		03B559D824EE9767007AF5C5 /* Frameworks */ = {
			isa = PBXFrameworksBuildPhase;
			buildActionMask = 2147483647;
			files = (
			);
			runOnlyForDeploymentPostprocessing = 0;
		};
/* End PBXFrameworksBuildPhase section */

/* Begin PBXGroup section */
		0358AA7724EE99F8002E7EEB /* Controllers */ = {
			isa = PBXGroup;
			children = (
				03B559BE24EE9760007AF5C5 /* MainViewController.swift */,
				0360DA412514E6EB0084124A /* DescriptionViewController.swift */,
				034917CE2533A2DC003FFCA3 /* SearchResultViewController.swift */,
				034917D32533AECF003FFCA3 /* VideosTableViewController.swift */,
			);
			path = Controllers;
			sourceTree = "<group>";
		};
		0358AA7A24F52B89002E7EEB /* Models */ = {
			isa = PBXGroup;
			children = (
				034917F8253472FE003FFCA3 /* TEDVideo+CoreDataProperties.swift */,
				0360DA47251D52A80084124A /* TEDVideo+CoreDataClass.swift */,
			);
			path = Models;
			sourceTree = "<group>";
		};
		0358AA7D24F7A62F002E7EEB /* Views */ = {
			isa = PBXGroup;
			children = (
				0358AA7E24F7A66A002E7EEB /* TEDVideoTableViewCell.swift */,
				0358AA7F24F7A66A002E7EEB /* TEDVideoTableViewCell.xib */,
			);
			path = Views;
			sourceTree = "<group>";
		};
		03B559AE24EE9760007AF5C5 = {
			isa = PBXGroup;
			children = (
				03B559B924EE9760007AF5C5 /* TEDBrowser */,
				03B559D324EE9767007AF5C5 /* TEDBrowserTests */,
				03B559DE24EE9767007AF5C5 /* TEDBrowserUITests */,
				03B559B824EE9760007AF5C5 /* Products */,
			);
			sourceTree = "<group>";
		};
		03B559B824EE9760007AF5C5 /* Products */ = {
			isa = PBXGroup;
			children = (
				03B559B724EE9760007AF5C5 /* TEDBrowser.app */,
				03B559D024EE9767007AF5C5 /* TEDBrowserTests.xctest */,
				03B559DB24EE9767007AF5C5 /* TEDBrowserUITests.xctest */,
			);
			name = Products;
			sourceTree = "<group>";
		};
		03B559B924EE9760007AF5C5 /* TEDBrowser */ = {
			isa = PBXGroup;
			children = (
				03CD67F7252EF8950070867D /* Network */,
				0358AA7D24F7A62F002E7EEB /* Views */,
				0358AA7A24F52B89002E7EEB /* Models */,
				0358AA7724EE99F8002E7EEB /* Controllers */,
				03B559BA24EE9760007AF5C5 /* AppDelegate.swift */,
				03B559C624EE9767007AF5C5 /* Assets.xcassets */,
				03B559C824EE9767007AF5C5 /* LaunchScreen.storyboard */,
				03B559CB24EE9767007AF5C5 /* Info.plist */,
				03B559C324EE9760007AF5C5 /* TEDBrowser.xcdatamodeld */,
			);
			path = TEDBrowser;
			sourceTree = "<group>";
		};
		03B559D324EE9767007AF5C5 /* TEDBrowserTests */ = {
			isa = PBXGroup;
			children = (
				03B559D424EE9767007AF5C5 /* TEDBrowserTests.swift */,
				03B559D624EE9767007AF5C5 /* Info.plist */,
			);
			path = TEDBrowserTests;
			sourceTree = "<group>";
		};
		03B559DE24EE9767007AF5C5 /* TEDBrowserUITests */ = {
			isa = PBXGroup;
			children = (
				03B559DF24EE9767007AF5C5 /* TEDBrowserUITests.swift */,
				03B559E124EE9767007AF5C5 /* Info.plist */,
			);
			path = TEDBrowserUITests;
			sourceTree = "<group>";
		};
		03CD67F7252EF8950070867D /* Network */ = {
			isa = PBXGroup;
			children = (
				03F5480B24FF9BCD003291E0 /* XMLParser.swift */,
				0360DA4B252134E40084124A /* VideoManager.swift */,
			);
			path = Network;
			sourceTree = "<group>";
		};
/* End PBXGroup section */

/* Begin PBXNativeTarget section */
		03B559B624EE9760007AF5C5 /* TEDBrowser */ = {
			isa = PBXNativeTarget;
			buildConfigurationList = 03B559E424EE9767007AF5C5 /* Build configuration list for PBXNativeTarget "TEDBrowser" */;
			buildPhases = (
				03B559B324EE9760007AF5C5 /* Sources */,
				03B559B424EE9760007AF5C5 /* Frameworks */,
				03B559B524EE9760007AF5C5 /* Resources */,
			);
			buildRules = (
			);
			dependencies = (
			);
			name = TEDBrowser;
			productName = TEDBrowser;
			productReference = 03B559B724EE9760007AF5C5 /* TEDBrowser.app */;
			productType = "com.apple.product-type.application";
		};
		03B559CF24EE9767007AF5C5 /* TEDBrowserTests */ = {
			isa = PBXNativeTarget;
			buildConfigurationList = 03B559E724EE9767007AF5C5 /* Build configuration list for PBXNativeTarget "TEDBrowserTests" */;
			buildPhases = (
				03B559CC24EE9767007AF5C5 /* Sources */,
				03B559CD24EE9767007AF5C5 /* Frameworks */,
				03B559CE24EE9767007AF5C5 /* Resources */,
			);
			buildRules = (
			);
			dependencies = (
				03B559D224EE9767007AF5C5 /* PBXTargetDependency */,
			);
			name = TEDBrowserTests;
			productName = TEDBrowserTests;
			productReference = 03B559D024EE9767007AF5C5 /* TEDBrowserTests.xctest */;
			productType = "com.apple.product-type.bundle.unit-test";
		};
		03B559DA24EE9767007AF5C5 /* TEDBrowserUITests */ = {
			isa = PBXNativeTarget;
			buildConfigurationList = 03B559EA24EE9767007AF5C5 /* Build configuration list for PBXNativeTarget "TEDBrowserUITests" */;
			buildPhases = (
				03B559D724EE9767007AF5C5 /* Sources */,
				03B559D824EE9767007AF5C5 /* Frameworks */,
				03B559D924EE9767007AF5C5 /* Resources */,
			);
			buildRules = (
			);
			dependencies = (
				03B559DD24EE9767007AF5C5 /* PBXTargetDependency */,
			);
			name = TEDBrowserUITests;
			productName = TEDBrowserUITests;
			productReference = 03B559DB24EE9767007AF5C5 /* TEDBrowserUITests.xctest */;
			productType = "com.apple.product-type.bundle.ui-testing";
		};
/* End PBXNativeTarget section */

/* Begin PBXProject section */
		03B559AF24EE9760007AF5C5 /* Project object */ = {
			isa = PBXProject;
			attributes = {
				LastSwiftUpdateCheck = 1150;
				LastUpgradeCheck = 1200;
				ORGANIZATIONNAME = "Никита Плахин";
				TargetAttributes = {
					03B559B624EE9760007AF5C5 = {
						CreatedOnToolsVersion = 11.5;
					};
					03B559CF24EE9767007AF5C5 = {
						CreatedOnToolsVersion = 11.5;
						TestTargetID = 03B559B624EE9760007AF5C5;
					};
					03B559DA24EE9767007AF5C5 = {
						CreatedOnToolsVersion = 11.5;
						TestTargetID = 03B559B624EE9760007AF5C5;
					};
				};
			};
			buildConfigurationList = 03B559B224EE9760007AF5C5 /* Build configuration list for PBXProject "TEDBrowser" */;
			compatibilityVersion = "Xcode 9.3";
			developmentRegion = en;
			hasScannedForEncodings = 0;
			knownRegions = (
				en,
				Base,
			);
			mainGroup = 03B559AE24EE9760007AF5C5;
			productRefGroup = 03B559B824EE9760007AF5C5 /* Products */;
			projectDirPath = "";
			projectRoot = "";
			targets = (
				03B559B624EE9760007AF5C5 /* TEDBrowser */,
				03B559CF24EE9767007AF5C5 /* TEDBrowserTests */,
				03B559DA24EE9767007AF5C5 /* TEDBrowserUITests */,
			);
		};
/* End PBXProject section */

/* Begin PBXResourcesBuildPhase section */
		03B559B524EE9760007AF5C5 /* Resources */ = {
			isa = PBXResourcesBuildPhase;
			buildActionMask = 2147483647;
			files = (
				03B559CA24EE9767007AF5C5 /* LaunchScreen.storyboard in Resources */,
				0358AA8124F7A66A002E7EEB /* TEDVideoTableViewCell.xib in Resources */,
				03B559C724EE9767007AF5C5 /* Assets.xcassets in Resources */,
			);
			runOnlyForDeploymentPostprocessing = 0;
		};
		03B559CE24EE9767007AF5C5 /* Resources */ = {
			isa = PBXResourcesBuildPhase;
			buildActionMask = 2147483647;
			files = (
			);
			runOnlyForDeploymentPostprocessing = 0;
		};
		03B559D924EE9767007AF5C5 /* Resources */ = {
			isa = PBXResourcesBuildPhase;
			buildActionMask = 2147483647;
			files = (
			);
			runOnlyForDeploymentPostprocessing = 0;
		};
/* End PBXResourcesBuildPhase section */

/* Begin PBXSourcesBuildPhase section */
		03B559B324EE9760007AF5C5 /* Sources */ = {
			isa = PBXSourcesBuildPhase;
			buildActionMask = 2147483647;
			files = (
				034917D42533AECF003FFCA3 /* VideosTableViewController.swift in Sources */,
				03B559C524EE9760007AF5C5 /* TEDBrowser.xcdatamodeld in Sources */,
				03B559BF24EE9760007AF5C5 /* MainViewController.swift in Sources */,
				0360DA4C252134E50084124A /* VideoManager.swift in Sources */,
				0360DA422514E6EB0084124A /* DescriptionViewController.swift in Sources */,
				03B559BB24EE9760007AF5C5 /* AppDelegate.swift in Sources */,
				034917F9253472FE003FFCA3 /* TEDVideo+CoreDataProperties.swift in Sources */,
				0360DA49251D52A80084124A /* TEDVideo+CoreDataClass.swift in Sources */,
				03F5480C24FF9BCD003291E0 /* XMLParser.swift in Sources */,
				034917CF2533A2DC003FFCA3 /* SearchResultViewController.swift in Sources */,
				0358AA8024F7A66A002E7EEB /* TEDVideoTableViewCell.swift in Sources */,
			);
			runOnlyForDeploymentPostprocessing = 0;
		};
		03B559CC24EE9767007AF5C5 /* Sources */ = {
			isa = PBXSourcesBuildPhase;
			buildActionMask = 2147483647;
			files = (
				03B559D524EE9767007AF5C5 /* TEDBrowserTests.swift in Sources */,
			);
			runOnlyForDeploymentPostprocessing = 0;
		};
		03B559D724EE9767007AF5C5 /* Sources */ = {
			isa = PBXSourcesBuildPhase;
			buildActionMask = 2147483647;
			files = (
				03B559E024EE9767007AF5C5 /* TEDBrowserUITests.swift in Sources */,
			);
			runOnlyForDeploymentPostprocessing = 0;
		};
/* End PBXSourcesBuildPhase section */

/* Begin PBXTargetDependency section */
		03B559D224EE9767007AF5C5 /* PBXTargetDependency */ = {
			isa = PBXTargetDependency;
			target = 03B559B624EE9760007AF5C5 /* TEDBrowser */;
			targetProxy = 03B559D124EE9767007AF5C5 /* PBXContainerItemProxy */;
		};
		03B559DD24EE9767007AF5C5 /* PBXTargetDependency */ = {
			isa = PBXTargetDependency;
			target = 03B559B624EE9760007AF5C5 /* TEDBrowser */;
			targetProxy = 03B559DC24EE9767007AF5C5 /* PBXContainerItemProxy */;
		};
/* End PBXTargetDependency section */

/* Begin PBXVariantGroup section */
		03B559C824EE9767007AF5C5 /* LaunchScreen.storyboard */ = {
			isa = PBXVariantGroup;
			children = (
				03B559C924EE9767007AF5C5 /* Base */,
			);
			name = LaunchScreen.storyboard;
			sourceTree = "<group>";
		};
/* End PBXVariantGroup section */

/* Begin XCBuildConfiguration section */
		03B559E224EE9767007AF5C5 /* Debug */ = {
			isa = XCBuildConfiguration;
			buildSettings = {
				ALWAYS_SEARCH_USER_PATHS = NO;
				CLANG_ANALYZER_NONNULL = YES;
				CLANG_ANALYZER_NUMBER_OBJECT_CONVERSION = YES_AGGRESSIVE;
				CLANG_CXX_LANGUAGE_STANDARD = "gnu++14";
				CLANG_CXX_LIBRARY = "libc++";
				CLANG_ENABLE_MODULES = YES;
				CLANG_ENABLE_OBJC_ARC = YES;
				CLANG_ENABLE_OBJC_WEAK = YES;
				CLANG_WARN_BLOCK_CAPTURE_AUTORELEASING = YES;
				CLANG_WARN_BOOL_CONVERSION = YES;
				CLANG_WARN_COMMA = YES;
				CLANG_WARN_CONSTANT_CONVERSION = YES;
				CLANG_WARN_DEPRECATED_OBJC_IMPLEMENTATIONS = YES;
				CLANG_WARN_DIRECT_OBJC_ISA_USAGE = YES_ERROR;
				CLANG_WARN_DOCUMENTATION_COMMENTS = YES;
				CLANG_WARN_EMPTY_BODY = YES;
				CLANG_WARN_ENUM_CONVERSION = YES;
				CLANG_WARN_INFINITE_RECURSION = YES;
				CLANG_WARN_INT_CONVERSION = YES;
				CLANG_WARN_NON_LITERAL_NULL_CONVERSION = YES;
				CLANG_WARN_OBJC_IMPLICIT_RETAIN_SELF = YES;
				CLANG_WARN_OBJC_LITERAL_CONVERSION = YES;
				CLANG_WARN_OBJC_ROOT_CLASS = YES_ERROR;
				CLANG_WARN_QUOTED_INCLUDE_IN_FRAMEWORK_HEADER = YES;
				CLANG_WARN_RANGE_LOOP_ANALYSIS = YES;
				CLANG_WARN_STRICT_PROTOTYPES = YES;
				CLANG_WARN_SUSPICIOUS_MOVE = YES;
				CLANG_WARN_UNGUARDED_AVAILABILITY = YES_AGGRESSIVE;
				CLANG_WARN_UNREACHABLE_CODE = YES;
				CLANG_WARN__DUPLICATE_METHOD_MATCH = YES;
				COPY_PHASE_STRIP = NO;
				DEBUG_INFORMATION_FORMAT = dwarf;
				ENABLE_STRICT_OBJC_MSGSEND = YES;
				ENABLE_TESTABILITY = YES;
				GCC_C_LANGUAGE_STANDARD = gnu11;
				GCC_DYNAMIC_NO_PIC = NO;
				GCC_NO_COMMON_BLOCKS = YES;
				GCC_OPTIMIZATION_LEVEL = 0;
				GCC_PREPROCESSOR_DEFINITIONS = (
					"DEBUG=1",
					"$(inherited)",
				);
				GCC_WARN_64_TO_32_BIT_CONVERSION = YES;
				GCC_WARN_ABOUT_RETURN_TYPE = YES_ERROR;
				GCC_WARN_UNDECLARED_SELECTOR = YES;
				GCC_WARN_UNINITIALIZED_AUTOS = YES_AGGRESSIVE;
				GCC_WARN_UNUSED_FUNCTION = YES;
				GCC_WARN_UNUSED_VARIABLE = YES;
				IPHONEOS_DEPLOYMENT_TARGET = 13.5;
				MTL_ENABLE_DEBUG_INFO = INCLUDE_SOURCE;
				MTL_FAST_MATH = YES;
				ONLY_ACTIVE_ARCH = YES;
				SDKROOT = iphoneos;
				SWIFT_ACTIVE_COMPILATION_CONDITIONS = DEBUG;
				SWIFT_OPTIMIZATION_LEVEL = "-Onone";
			};
			name = Debug;
		};
		03B559E324EE9767007AF5C5 /* Release */ = {
			isa = XCBuildConfiguration;
			buildSettings = {
				ALWAYS_SEARCH_USER_PATHS = NO;
				CLANG_ANALYZER_NONNULL = YES;
				CLANG_ANALYZER_NUMBER_OBJECT_CONVERSION = YES_AGGRESSIVE;
				CLANG_CXX_LANGUAGE_STANDARD = "gnu++14";
				CLANG_CXX_LIBRARY = "libc++";
				CLANG_ENABLE_MODULES = YES;
				CLANG_ENABLE_OBJC_ARC = YES;
				CLANG_ENABLE_OBJC_WEAK = YES;
				CLANG_WARN_BLOCK_CAPTURE_AUTORELEASING = YES;
				CLANG_WARN_BOOL_CONVERSION = YES;
				CLANG_WARN_COMMA = YES;
				CLANG_WARN_CONSTANT_CONVERSION = YES;
				CLANG_WARN_DEPRECATED_OBJC_IMPLEMENTATIONS = YES;
				CLANG_WARN_DIRECT_OBJC_ISA_USAGE = YES_ERROR;
				CLANG_WARN_DOCUMENTATION_COMMENTS = YES;
				CLANG_WARN_EMPTY_BODY = YES;
				CLANG_WARN_ENUM_CONVERSION = YES;
				CLANG_WARN_INFINITE_RECURSION = YES;
				CLANG_WARN_INT_CONVERSION = YES;
				CLANG_WARN_NON_LITERAL_NULL_CONVERSION = YES;
				CLANG_WARN_OBJC_IMPLICIT_RETAIN_SELF = YES;
				CLANG_WARN_OBJC_LITERAL_CONVERSION = YES;
				CLANG_WARN_OBJC_ROOT_CLASS = YES_ERROR;
				CLANG_WARN_QUOTED_INCLUDE_IN_FRAMEWORK_HEADER = YES;
				CLANG_WARN_RANGE_LOOP_ANALYSIS = YES;
				CLANG_WARN_STRICT_PROTOTYPES = YES;
				CLANG_WARN_SUSPICIOUS_MOVE = YES;
				CLANG_WARN_UNGUARDED_AVAILABILITY = YES_AGGRESSIVE;
				CLANG_WARN_UNREACHABLE_CODE = YES;
				CLANG_WARN__DUPLICATE_METHOD_MATCH = YES;
				COPY_PHASE_STRIP = NO;
				DEBUG_INFORMATION_FORMAT = "dwarf-with-dsym";
				ENABLE_NS_ASSERTIONS = NO;
				ENABLE_STRICT_OBJC_MSGSEND = YES;
				GCC_C_LANGUAGE_STANDARD = gnu11;
				GCC_NO_COMMON_BLOCKS = YES;
				GCC_WARN_64_TO_32_BIT_CONVERSION = YES;
				GCC_WARN_ABOUT_RETURN_TYPE = YES_ERROR;
				GCC_WARN_UNDECLARED_SELECTOR = YES;
				GCC_WARN_UNINITIALIZED_AUTOS = YES_AGGRESSIVE;
				GCC_WARN_UNUSED_FUNCTION = YES;
				GCC_WARN_UNUSED_VARIABLE = YES;
				IPHONEOS_DEPLOYMENT_TARGET = 13.5;
				MTL_ENABLE_DEBUG_INFO = NO;
				MTL_FAST_MATH = YES;
				SDKROOT = iphoneos;
				SWIFT_COMPILATION_MODE = wholemodule;
				SWIFT_OPTIMIZATION_LEVEL = "-O";
				VALIDATE_PRODUCT = YES;
			};
			name = Release;
		};
		03B559E524EE9767007AF5C5 /* Debug */ = {
			isa = XCBuildConfiguration;
			buildSettings = {
				ASSETCATALOG_COMPILER_APPICON_NAME = AppIcon;
				CODE_SIGN_STYLE = Automatic;
				DEVELOPMENT_TEAM = L5SUV54N8U;
				INFOPLIST_FILE = TEDBrowser/Info.plist;
				LD_RUNPATH_SEARCH_PATHS = (
					"$(inherited)",
					"@executable_path/Frameworks",
				);
				PRODUCT_BUNDLE_IDENTIFIER = nplkhn.TEDBrowser;
				PRODUCT_NAME = "$(TARGET_NAME)";
				SWIFT_VERSION = 5.0;
				TARGETED_DEVICE_FAMILY = "1,2";
			};
			name = Debug;
		};
		03B559E624EE9767007AF5C5 /* Release */ = {
			isa = XCBuildConfiguration;
			buildSettings = {
				ASSETCATALOG_COMPILER_APPICON_NAME = AppIcon;
				CODE_SIGN_STYLE = Automatic;
				DEVELOPMENT_TEAM = L5SUV54N8U;
				INFOPLIST_FILE = TEDBrowser/Info.plist;
				LD_RUNPATH_SEARCH_PATHS = (
					"$(inherited)",
					"@executable_path/Frameworks",
				);
				PRODUCT_BUNDLE_IDENTIFIER = nplkhn.TEDBrowser;
				PRODUCT_NAME = "$(TARGET_NAME)";
				SWIFT_VERSION = 5.0;
				TARGETED_DEVICE_FAMILY = "1,2";
			};
			name = Release;
		};
		03B559E824EE9767007AF5C5 /* Debug */ = {
			isa = XCBuildConfiguration;
			buildSettings = {
				ALWAYS_EMBED_SWIFT_STANDARD_LIBRARIES = YES;
				BUNDLE_LOADER = "$(TEST_HOST)";
				CODE_SIGN_STYLE = Automatic;
				DEVELOPMENT_TEAM = L5SUV54N8U;
				INFOPLIST_FILE = TEDBrowserTests/Info.plist;
				IPHONEOS_DEPLOYMENT_TARGET = 13.5;
				LD_RUNPATH_SEARCH_PATHS = (
					"$(inherited)",
					"@executable_path/Frameworks",
					"@loader_path/Frameworks",
				);
				PRODUCT_BUNDLE_IDENTIFIER = nplkhn.TEDBrowserTests;
				PRODUCT_NAME = "$(TARGET_NAME)";
				SWIFT_VERSION = 5.0;
				TARGETED_DEVICE_FAMILY = "1,2";
				TEST_HOST = "$(BUILT_PRODUCTS_DIR)/TEDBrowser.app/TEDBrowser";
			};
			name = Debug;
		};
		03B559E924EE9767007AF5C5 /* Release */ = {
			isa = XCBuildConfiguration;
			buildSettings = {
				ALWAYS_EMBED_SWIFT_STANDARD_LIBRARIES = YES;
				BUNDLE_LOADER = "$(TEST_HOST)";
				CODE_SIGN_STYLE = Automatic;
				DEVELOPMENT_TEAM = L5SUV54N8U;
				INFOPLIST_FILE = TEDBrowserTests/Info.plist;
				IPHONEOS_DEPLOYMENT_TARGET = 13.5;
				LD_RUNPATH_SEARCH_PATHS = (
					"$(inherited)",
					"@executable_path/Frameworks",
					"@loader_path/Frameworks",
				);
				PRODUCT_BUNDLE_IDENTIFIER = nplkhn.TEDBrowserTests;
				PRODUCT_NAME = "$(TARGET_NAME)";
				SWIFT_VERSION = 5.0;
				TARGETED_DEVICE_FAMILY = "1,2";
				TEST_HOST = "$(BUILT_PRODUCTS_DIR)/TEDBrowser.app/TEDBrowser";
			};
			name = Release;
		};
		03B559EB24EE9767007AF5C5 /* Debug */ = {
			isa = XCBuildConfiguration;
			buildSettings = {
				ALWAYS_EMBED_SWIFT_STANDARD_LIBRARIES = YES;
				CODE_SIGN_STYLE = Automatic;
				DEVELOPMENT_TEAM = L5SUV54N8U;
				INFOPLIST_FILE = TEDBrowserUITests/Info.plist;
				LD_RUNPATH_SEARCH_PATHS = (
					"$(inherited)",
					"@executable_path/Frameworks",
					"@loader_path/Frameworks",
				);
				PRODUCT_BUNDLE_IDENTIFIER = nplkhn.TEDBrowserUITests;
				PRODUCT_NAME = "$(TARGET_NAME)";
				SWIFT_VERSION = 5.0;
				TARGETED_DEVICE_FAMILY = "1,2";
				TEST_TARGET_NAME = TEDBrowser;
			};
			name = Debug;
		};
		03B559EC24EE9767007AF5C5 /* Release */ = {
			isa = XCBuildConfiguration;
			buildSettings = {
				ALWAYS_EMBED_SWIFT_STANDARD_LIBRARIES = YES;
				CODE_SIGN_STYLE = Automatic;
				DEVELOPMENT_TEAM = L5SUV54N8U;
				INFOPLIST_FILE = TEDBrowserUITests/Info.plist;
				LD_RUNPATH_SEARCH_PATHS = (
					"$(inherited)",
					"@executable_path/Frameworks",
					"@loader_path/Frameworks",
				);
				PRODUCT_BUNDLE_IDENTIFIER = nplkhn.TEDBrowserUITests;
				PRODUCT_NAME = "$(TARGET_NAME)";
				SWIFT_VERSION = 5.0;
				TARGETED_DEVICE_FAMILY = "1,2";
				TEST_TARGET_NAME = TEDBrowser;
			};
			name = Release;
		};
/* End XCBuildConfiguration section */

/* Begin XCConfigurationList section */
		03B559B224EE9760007AF5C5 /* Build configuration list for PBXProject "TEDBrowser" */ = {
			isa = XCConfigurationList;
			buildConfigurations = (
				03B559E224EE9767007AF5C5 /* Debug */,
				03B559E324EE9767007AF5C5 /* Release */,
			);
			defaultConfigurationIsVisible = 0;
			defaultConfigurationName = Release;
		};
		03B559E424EE9767007AF5C5 /* Build configuration list for PBXNativeTarget "TEDBrowser" */ = {
			isa = XCConfigurationList;
			buildConfigurations = (
				03B559E524EE9767007AF5C5 /* Debug */,
				03B559E624EE9767007AF5C5 /* Release */,
			);
			defaultConfigurationIsVisible = 0;
			defaultConfigurationName = Release;
		};
		03B559E724EE9767007AF5C5 /* Build configuration list for PBXNativeTarget "TEDBrowserTests" */ = {
			isa = XCConfigurationList;
			buildConfigurations = (
				03B559E824EE9767007AF5C5 /* Debug */,
				03B559E924EE9767007AF5C5 /* Release */,
			);
			defaultConfigurationIsVisible = 0;
			defaultConfigurationName = Release;
		};
		03B559EA24EE9767007AF5C5 /* Build configuration list for PBXNativeTarget "TEDBrowserUITests" */ = {
			isa = XCConfigurationList;
			buildConfigurations = (
				03B559EB24EE9767007AF5C5 /* Debug */,
				03B559EC24EE9767007AF5C5 /* Release */,
			);
			defaultConfigurationIsVisible = 0;
			defaultConfigurationName = Release;
		};
/* End XCConfigurationList section */

/* Begin XCVersionGroup section */
		03B559C324EE9760007AF5C5 /* TEDBrowser.xcdatamodeld */ = {
			isa = XCVersionGroup;
			children = (
				03B559C424EE9760007AF5C5 /* TEDBrowser.xcdatamodel */,
			);
			currentVersion = 03B559C424EE9760007AF5C5 /* TEDBrowser.xcdatamodel */;
			path = TEDBrowser.xcdatamodeld;
			sourceTree = "<group>";
			versionGroupType = wrapper.xcdatamodel;
		};
/* End XCVersionGroup section */
	};
	rootObject = 03B559AF24EE9760007AF5C5 /* Project object */;
}
